
Microsoft Visual Studio Solution File, Format Version 12.00
# Visual Studio Version 16
VisualStudioVersion = 16.0.30225.117
MinimumVisualStudioVersion = 10.0.40219.1
Project("{2150E333-8FDC-42A3-9474-1A3956D46DE8}") = "src", "src", "{319DA8E3-8137-4CD7-B66B-11E82C7D815A}"
EndProject
Project("{2150E333-8FDC-42A3-9474-1A3956D46DE8}") = "Catalog", "Catalog", "{D8971CBE-6669-45A0-88EB-2852C4C108B5}"
EndProject
Project("{FAE04EC0-301F-11D3-BF4B-00C04F79EFBC}") = "Catalog.API", "src\Catalog\Catalog.API\Catalog.API.csproj", "{8588395F-952A-4D52-ADD4-87CDEC72ECCA}"
EndProject
Global
	GlobalSection(SolutionConfigurationPlatforms) = preSolution
		Debug|Any CPU = Debug|Any CPU
		Release|Any CPU = Release|Any CPU
	EndGlobalSection
	GlobalSection(ProjectConfigurationPlatforms) = postSolution
		{8588395F-952A-4D52-ADD4-87CDEC72ECCA}.Debug|Any CPU.ActiveCfg = Debug|Any CPU
		{8588395F-952A-4D52-ADD4-87CDEC72ECCA}.Debug|Any CPU.Build.0 = Debug|Any CPU
		{8588395F-952A-4D52-ADD4-87CDEC72ECCA}.Release|Any CPU.ActiveCfg = Release|Any CPU
		{8588395F-952A-4D52-ADD4-87CDEC72ECCA}.Release|Any CPU.Build.0 = Release|Any CPU
	EndGlobalSection
	GlobalSection(SolutionProperties) = preSolution
		HideSolutionNode = FALSE
	EndGlobalSection
	GlobalSection(NestedProjects) = preSolution
		{D8971CBE-6669-45A0-88EB-2852C4C108B5} = {319DA8E3-8137-4CD7-B66B-11E82C7D815A}
		{8588395F-952A-4D52-ADD4-87CDEC72ECCA} = {D8971CBE-6669-45A0-88EB-2852C4C108B5}
	EndGlobalSection
	GlobalSection(ExtensibilityGlobals) = postSolution
		SolutionGuid = {7D81FAFA-1915-4046-BF6D-E59FE3C1FD85}
	EndGlobalSection
EndGlobal
